{
  "name": "wheaton-crime-data",
  "version": "1.0.0",
  "lockfileVersion": 1,
  "dependencies": {
    "lodash": {
      "version": "4.17.4",
      "resolved": "https://registry.npmjs.org/lodash/-/lodash-4.17.4.tgz",
      "integrity": "sha1-eCA6TRwyiuHYbcpkYONptX9AVa4="
    },
    "pdf-to-text": {
      "version": "0.0.6",
      "resolved": "https://registry.npmjs.org/pdf-to-text/-/pdf-to-text-0.0.6.tgz",
      "integrity": "sha1-tfQNr6p5ytElidik9D6+Q13GnVM="
    }
  }
}
